
Microsoft Visual Studio Solution File, Format Version 12.00
# Visual Studio 14
VisualStudioVersion = 14.0.24720.0
MinimumVisualStudioVersion = 10.0.40219.1
Project("{FAE04EC0-301F-11D3-BF4B-00C04F79EFBC}") = "TestSequence", "TestSequence.csproj", "{08169B96-32B1-48CF-93F4-A479AD5FD2CA}"
EndProject
Project("{2150E333-8FDC-42A3-9474-1A3956D46DE8}") = ".build", ".build", "{5B000ED4-4B45-4AB9-9D83-46ED6285DFA5}"
	ProjectSection(SolutionItems) = preProject
		Build.proj = Build.proj
		.build\MSBuild.Community.Tasks.dll = .build\MSBuild.Community.Tasks.dll
		.build\MSBuild.Community.Tasks.targets = .build\MSBuild.Community.Tasks.targets
	EndProjectSection
EndProject
Project("{FAE04EC0-301F-11D3-BF4B-00C04F79EFBC}") = "QaHoneypot", "QaHoneyPot\QaHoneypot.csproj", "{D6CFE27F-DD1D-4052-9E42-15E5C10B5809}"
EndProject
Global
	GlobalSection(SolutionConfigurationPlatforms) = preSolution
		Debug|Any CPU = Debug|Any CPU
	EndGlobalSection
	GlobalSection(ProjectConfigurationPlatforms) = postSolution
		{08169B96-32B1-48CF-93F4-A479AD5FD2CA}.Debug|Any CPU.ActiveCfg = Debug|Any CPU
		{08169B96-32B1-48CF-93F4-A479AD5FD2CA}.Debug|Any CPU.Build.0 = Debug|Any CPU
		{D6CFE27F-DD1D-4052-9E42-15E5C10B5809}.Debug|Any CPU.ActiveCfg = Debug|Any CPU
		{D6CFE27F-DD1D-4052-9E42-15E5C10B5809}.Debug|Any CPU.Build.0 = Debug|Any CPU
	EndGlobalSection
	GlobalSection(SolutionProperties) = preSolution
		HideSolutionNode = FALSE
	EndGlobalSection
	GlobalSection(ExtensibilityGlobals) = postSolution
		EnterpriseLibraryConfigurationToolBinariesPath = packages\TransientFaultHandling.Core.5.1.1209.1\lib\NET4
	EndGlobalSection
EndGlobal
